{
    "_meta": {
        "hash": {
            "sha256": "ae3ce5cfc4ec5e3331afe1a204e8a704c04598153558d038583bab2292446c09"
        },
        "pipfile-spec": 6,
        "requires": {
            "python_version": "3"
        },
        "sources": [
            {
                "name": "pypi",
                "url": "https://pypi.org/simple",
                "verify_ssl": true
            }
        ]
    },
    "default": {
        "redis": {
            "hashes": [
                "sha256:6e9d2722a95d10ddf854596e66516d316d99c6a483e5db3b35c34e1158b2bfa1",
                "sha256:a5b0e25890d216d8189636742c50ab992e42eea699bcc1b08cc2d6bf3adff52a"
            ],
            "index": "pypi",
            "version": "==3.5.1"
        },
        "termcolor": {
            "hashes": [
                "sha256:1d6d69ce66211143803fbc56652b41d73b4a400a2891d7bf7a1cdf4c02de613b"
            ],
            "index": "pypi",
            "version": "==1.1.0"
        }
    },
    "develop": {}
}
