{
    "_meta": {
        "hash": {
            "sha256": "ae3ce5cfc4ec5e3331afe1a204e8a704c04598153558d038583bab2292446c09"
        },
        "pipfile-spec": 6,
        "requires": {
            "python_version": "3"
        },
        "sources": [
            {
                "name": "pypi",
                "url": "https://pypi.org/simple",
                "verify_ssl": true
            }
        ]
    },
    "default": {
        "redis": {
            "hashes": [
                "sha256:56732e156fe31801c4f43396bd3ca0c2a7f6f83d7936798531b9848d103381aa",
                "sha256:7df17a0a2b72a4c8895b462dd07616c51b1dcb48fdd7ecb7b6f4bf39ecb2e94e"
            ],
            "index": "pypi",
            "version": "==4.5.3"
        },
        "termcolor": {
            "hashes": [
                "sha256:1d6d69ce66211143803fbc56652b41d73b4a400a2891d7bf7a1cdf4c02de613b"
            ],
            "index": "pypi",
            "version": "==1.1.0"
        }
    },
    "develop": {}
}
